// !$*UTF8*$!
{
	archiveVersion = 1;
	classes = {
	};
	objectVersion = 56;
	objects = {

/* Begin PBXBuildFile section */
		5010E6062B0B8E92007A2919 /* RegisterView.swift in Sources */ = {isa = PBXBuildFile; fileRef = 5010E6052B0B8E92007A2919 /* RegisterView.swift */; };
		5010E6082B0B8EA2007A2919 /* RegisterViewController.swift in Sources */ = {isa = PBXBuildFile; fileRef = 5010E6072B0B8EA2007A2919 /* RegisterViewController.swift */; };
		5010E60A2B0B998D007A2919 /* RegisterCoordinator.swift in Sources */ = {isa = PBXBuildFile; fileRef = 5010E6092B0B998D007A2919 /* RegisterCoordinator.swift */; };
		502AA80C2B1DFF360080BBBE /* HomeView.swift in Sources */ = {isa = PBXBuildFile; fileRef = 502AA80B2B1DFF360080BBBE /* HomeView.swift */; };
		502AA80E2B1DFF460080BBBE /* HomeViewController.swift in Sources */ = {isa = PBXBuildFile; fileRef = 502AA80D2B1DFF460080BBBE /* HomeViewController.swift */; };
		502AA8102B1DFF5E0080BBBE /* HomeCoordinator.swift in Sources */ = {isa = PBXBuildFile; fileRef = 502AA80F2B1DFF5E0080BBBE /* HomeCoordinator.swift */; };
		502AA8122B1E11B10080BBBE /* ViewControllerDefault.swift in Sources */ = {isa = PBXBuildFile; fileRef = 502AA8112B1E11B10080BBBE /* ViewControllerDefault.swift */; };
		504601C52B0253B5006AC2E4 /* Coordinator.swift in Sources */ = {isa = PBXBuildFile; fileRef = 504601C42B0253B5006AC2E4 /* Coordinator.swift */; };
		504601C72B0253EA006AC2E4 /* LoginCoordinator.swift in Sources */ = {isa = PBXBuildFile; fileRef = 504601C62B0253EA006AC2E4 /* LoginCoordinator.swift */; };
		504601CA2B0254C2006AC2E4 /* LoginView.swift in Sources */ = {isa = PBXBuildFile; fileRef = 504601C92B0254C2006AC2E4 /* LoginView.swift */; };
		504601CC2B0254D6006AC2E4 /* LoginViewController.swift in Sources */ = {isa = PBXBuildFile; fileRef = 504601CB2B0254D6006AC2E4 /* LoginViewController.swift */; };
		505C214F2B07997B0025B02B /* UIColor+.swift in Sources */ = {isa = PBXBuildFile; fileRef = 505C214E2B07997B0025B02B /* UIColor+.swift */; };
		5097B8CA2B07AC47001095A8 /* TextFieldDefault.swift in Sources */ = {isa = PBXBuildFile; fileRef = 5097B8C92B07AC47001095A8 /* TextFieldDefault.swift */; };
		5097B8CC2B07AD4C001095A8 /* ImageDefault.swift in Sources */ = {isa = PBXBuildFile; fileRef = 5097B8CB2B07AD4C001095A8 /* ImageDefault.swift */; };
		5097B8CE2B07AD83001095A8 /* LabelDefault.swift in Sources */ = {isa = PBXBuildFile; fileRef = 5097B8CD2B07AD83001095A8 /* LabelDefault.swift */; };
		5097B8D02B07ADB6001095A8 /* ButtonDefault.swift in Sources */ = {isa = PBXBuildFile; fileRef = 5097B8CF2B07ADB6001095A8 /* ButtonDefault.swift */; };
		50A0B3952AFBC1A900810FB8 /* AppDelegate.swift in Sources */ = {isa = PBXBuildFile; fileRef = 50A0B3942AFBC1A900810FB8 /* AppDelegate.swift */; };
		50A0B3972AFBC1A900810FB8 /* SceneDelegate.swift in Sources */ = {isa = PBXBuildFile; fileRef = 50A0B3962AFBC1A900810FB8 /* SceneDelegate.swift */; };
		50A0B3992AFBC1A900810FB8 /* ViewController.swift in Sources */ = {isa = PBXBuildFile; fileRef = 50A0B3982AFBC1A900810FB8 /* ViewController.swift */; };
		50A0B39C2AFBC1A900810FB8 /* Main.storyboard in Resources */ = {isa = PBXBuildFile; fileRef = 50A0B39A2AFBC1A900810FB8 /* Main.storyboard */; };
		50A0B39E2AFBC1B200810FB8 /* Assets.xcassets in Resources */ = {isa = PBXBuildFile; fileRef = 50A0B39D2AFBC1B200810FB8 /* Assets.xcassets */; };
		50A0B3A12AFBC1B200810FB8 /* LaunchScreen.storyboard in Resources */ = {isa = PBXBuildFile; fileRef = 50A0B39F2AFBC1B200810FB8 /* LaunchScreen.storyboard */; };
/* End PBXBuildFile section */

/* Begin PBXFileReference section */
		5010E6052B0B8E92007A2919 /* RegisterView.swift */ = {isa = PBXFileReference; lastKnownFileType = sourcecode.swift; path = RegisterView.swift; sourceTree = "<group>"; };
		5010E6072B0B8EA2007A2919 /* RegisterViewController.swift */ = {isa = PBXFileReference; lastKnownFileType = sourcecode.swift; path = RegisterViewController.swift; sourceTree = "<group>"; };
		5010E6092B0B998D007A2919 /* RegisterCoordinator.swift */ = {isa = PBXFileReference; lastKnownFileType = sourcecode.swift; path = RegisterCoordinator.swift; sourceTree = "<group>"; };
		502AA80B2B1DFF360080BBBE /* HomeView.swift */ = {isa = PBXFileReference; lastKnownFileType = sourcecode.swift; path = HomeView.swift; sourceTree = "<group>"; };
		502AA80D2B1DFF460080BBBE /* HomeViewController.swift */ = {isa = PBXFileReference; lastKnownFileType = sourcecode.swift; path = HomeViewController.swift; sourceTree = "<group>"; };
		502AA80F2B1DFF5E0080BBBE /* HomeCoordinator.swift */ = {isa = PBXFileReference; lastKnownFileType = sourcecode.swift; path = HomeCoordinator.swift; sourceTree = "<group>"; };
		502AA8112B1E11B10080BBBE /* ViewControllerDefault.swift */ = {isa = PBXFileReference; lastKnownFileType = sourcecode.swift; path = ViewControllerDefault.swift; sourceTree = "<group>"; };
		504601C42B0253B5006AC2E4 /* Coordinator.swift */ = {isa = PBXFileReference; lastKnownFileType = sourcecode.swift; path = Coordinator.swift; sourceTree = "<group>"; };
		504601C62B0253EA006AC2E4 /* LoginCoordinator.swift */ = {isa = PBXFileReference; lastKnownFileType = sourcecode.swift; path = LoginCoordinator.swift; sourceTree = "<group>"; };
		504601C92B0254C2006AC2E4 /* LoginView.swift */ = {isa = PBXFileReference; lastKnownFileType = sourcecode.swift; path = LoginView.swift; sourceTree = "<group>"; };
		504601CB2B0254D6006AC2E4 /* LoginViewController.swift */ = {isa = PBXFileReference; lastKnownFileType = sourcecode.swift; path = LoginViewController.swift; sourceTree = "<group>"; };
		505C214E2B07997B0025B02B /* UIColor+.swift */ = {isa = PBXFileReference; lastKnownFileType = sourcecode.swift; path = "UIColor+.swift"; sourceTree = "<group>"; };
		5097B8C92B07AC47001095A8 /* TextFieldDefault.swift */ = {isa = PBXFileReference; lastKnownFileType = sourcecode.swift; path = TextFieldDefault.swift; sourceTree = "<group>"; };
		5097B8CB2B07AD4C001095A8 /* ImageDefault.swift */ = {isa = PBXFileReference; lastKnownFileType = sourcecode.swift; path = ImageDefault.swift; sourceTree = "<group>"; };
		5097B8CD2B07AD83001095A8 /* LabelDefault.swift */ = {isa = PBXFileReference; lastKnownFileType = sourcecode.swift; path = LabelDefault.swift; sourceTree = "<group>"; };
		5097B8CF2B07ADB6001095A8 /* ButtonDefault.swift */ = {isa = PBXFileReference; lastKnownFileType = sourcecode.swift; path = ButtonDefault.swift; sourceTree = "<group>"; };
		50A0B3912AFBC1A900810FB8 /* if-swift.app */ = {isa = PBXFileReference; explicitFileType = wrapper.application; includeInIndex = 0; path = "if-swift.app"; sourceTree = BUILT_PRODUCTS_DIR; };
		50A0B3942AFBC1A900810FB8 /* AppDelegate.swift */ = {isa = PBXFileReference; lastKnownFileType = sourcecode.swift; path = AppDelegate.swift; sourceTree = "<group>"; };
		50A0B3962AFBC1A900810FB8 /* SceneDelegate.swift */ = {isa = PBXFileReference; lastKnownFileType = sourcecode.swift; path = SceneDelegate.swift; sourceTree = "<group>"; };
		50A0B3982AFBC1A900810FB8 /* ViewController.swift */ = {isa = PBXFileReference; lastKnownFileType = sourcecode.swift; path = ViewController.swift; sourceTree = "<group>"; };
		50A0B39B2AFBC1A900810FB8 /* Base */ = {isa = PBXFileReference; lastKnownFileType = file.storyboard; name = Base; path = Base.lproj/Main.storyboard; sourceTree = "<group>"; };
		50A0B39D2AFBC1B200810FB8 /* Assets.xcassets */ = {isa = PBXFileReference; lastKnownFileType = folder.assetcatalog; path = Assets.xcassets; sourceTree = "<group>"; };
		50A0B3A02AFBC1B200810FB8 /* Base */ = {isa = PBXFileReference; lastKnownFileType = file.storyboard; name = Base; path = Base.lproj/LaunchScreen.storyboard; sourceTree = "<group>"; };
		50A0B3A22AFBC1B300810FB8 /* Info.plist */ = {isa = PBXFileReference; lastKnownFileType = text.plist.xml; path = Info.plist; sourceTree = "<group>"; };
/* End PBXFileReference section */

/* Begin PBXFrameworksBuildPhase section */
		50A0B38E2AFBC1A900810FB8 /* Frameworks */ = {
			isa = PBXFrameworksBuildPhase;
			buildActionMask = 2147483647;
			files = (
			);
			runOnlyForDeploymentPostprocessing = 0;
		};
/* End PBXFrameworksBuildPhase section */

/* Begin PBXGroup section */
		5010E6032B0B8E47007A2919 /* Login */ = {
			isa = PBXGroup;
			children = (
				504601CB2B0254D6006AC2E4 /* LoginViewController.swift */,
				504601C92B0254C2006AC2E4 /* LoginView.swift */,
			);
			path = Login;
			sourceTree = "<group>";
		};
		5010E6042B0B8E62007A2919 /* Register */ = {
			isa = PBXGroup;
			children = (
				5010E6052B0B8E92007A2919 /* RegisterView.swift */,
				5010E6072B0B8EA2007A2919 /* RegisterViewController.swift */,
			);
			path = Register;
			sourceTree = "<group>";
		};
		502AA80A2B10EC0E0080BBBE /* Home */ = {
			isa = PBXGroup;
			children = (
				502AA80B2B1DFF360080BBBE /* HomeView.swift */,
				502AA80D2B1DFF460080BBBE /* HomeViewController.swift */,
			);
			path = Home;
			sourceTree = "<group>";
		};
		504601C12B0250FF006AC2E4 /* Source */ = {
			isa = PBXGroup;
			children = (
				5097B8C82B07AB6E001095A8 /* Infrastructure */,
				505C214D2B0799680025B02B /* Extension */,
				504601C82B0254B2006AC2E4 /* Controller */,
				504601C32B0252C7006AC2E4 /* Coordinator */,
			);
			path = Source;
			sourceTree = "<group>";
		};
		504601C32B0252C7006AC2E4 /* Coordinator */ = {
			isa = PBXGroup;
			children = (
				504601C42B0253B5006AC2E4 /* Coordinator.swift */,
				504601C62B0253EA006AC2E4 /* LoginCoordinator.swift */,
				5010E6092B0B998D007A2919 /* RegisterCoordinator.swift */,
				502AA80F2B1DFF5E0080BBBE /* HomeCoordinator.swift */,
			);
			path = Coordinator;
			sourceTree = "<group>";
		};
		504601C82B0254B2006AC2E4 /* Controller */ = {
			isa = PBXGroup;
			children = (
				502AA80A2B10EC0E0080BBBE /* Home */,
				5010E6042B0B8E62007A2919 /* Register */,
				5010E6032B0B8E47007A2919 /* Login */,
			);
			path = Controller;
			sourceTree = "<group>";
		};
		505C214D2B0799680025B02B /* Extension */ = {
			isa = PBXGroup;
			children = (
				505C214E2B07997B0025B02B /* UIColor+.swift */,
			);
			path = Extension;
			sourceTree = "<group>";
		};
		5097B8C72B07AAF5001095A8 /* Resource */ = {
			isa = PBXGroup;
			children = (
				50A0B3942AFBC1A900810FB8 /* AppDelegate.swift */,
				50A0B39A2AFBC1A900810FB8 /* Main.storyboard */,
				50A0B39D2AFBC1B200810FB8 /* Assets.xcassets */,
				50A0B39F2AFBC1B200810FB8 /* LaunchScreen.storyboard */,
				50A0B3962AFBC1A900810FB8 /* SceneDelegate.swift */,
				50A0B3982AFBC1A900810FB8 /* ViewController.swift */,
			);
			path = Resource;
			sourceTree = "<group>";
		};
		5097B8C82B07AB6E001095A8 /* Infrastructure */ = {
			isa = PBXGroup;
			children = (
				5097B8C92B07AC47001095A8 /* TextFieldDefault.swift */,
				5097B8CB2B07AD4C001095A8 /* ImageDefault.swift */,
				5097B8CD2B07AD83001095A8 /* LabelDefault.swift */,
				5097B8CF2B07ADB6001095A8 /* ButtonDefault.swift */,
				502AA8112B1E11B10080BBBE /* ViewControllerDefault.swift */,
			);
			path = Infrastructure;
			sourceTree = "<group>";
		};
		50A0B3882AFBC1A900810FB8 = {
			isa = PBXGroup;
			children = (
				50A0B3932AFBC1A900810FB8 /* if-swift */,
				50A0B3922AFBC1A900810FB8 /* Products */,
			);
			sourceTree = "<group>";
		};
		50A0B3922AFBC1A900810FB8 /* Products */ = {
			isa = PBXGroup;
			children = (
				50A0B3912AFBC1A900810FB8 /* if-swift.app */,
			);
			name = Products;
			sourceTree = "<group>";
		};
		50A0B3932AFBC1A900810FB8 /* if-swift */ = {
			isa = PBXGroup;
			children = (
				5097B8C72B07AAF5001095A8 /* Resource */,
				504601C12B0250FF006AC2E4 /* Source */,
				50A0B3A22AFBC1B300810FB8 /* Info.plist */,
			);
			path = "if-swift";
			sourceTree = "<group>";
		};
/* End PBXGroup section */

/* Begin PBXNativeTarget section */
		50A0B3902AFBC1A900810FB8 /* if-swift */ = {
			isa = PBXNativeTarget;
			buildConfigurationList = 50A0B3A52AFBC1B300810FB8 /* Build configuration list for PBXNativeTarget "if-swift" */;
			buildPhases = (
				50A0B38D2AFBC1A900810FB8 /* Sources */,
				50A0B38E2AFBC1A900810FB8 /* Frameworks */,
				50A0B38F2AFBC1A900810FB8 /* Resources */,
			);
			buildRules = (
			);
			dependencies = (
			);
			name = "if-swift";
			productName = "if-swift";
			productReference = 50A0B3912AFBC1A900810FB8 /* if-swift.app */;
			productType = "com.apple.product-type.application";
		};
/* End PBXNativeTarget section */

/* Begin PBXProject section */
		50A0B3892AFBC1A900810FB8 /* Project object */ = {
			isa = PBXProject;
			attributes = {
				BuildIndependentTargetsInParallel = 1;
				LastSwiftUpdateCheck = 1500;
				LastUpgradeCheck = 1500;
				TargetAttributes = {
					50A0B3902AFBC1A900810FB8 = {
						CreatedOnToolsVersion = 15.0;
					};
				};
			};
			buildConfigurationList = 50A0B38C2AFBC1A900810FB8 /* Build configuration list for PBXProject "if-swift" */;
			compatibilityVersion = "Xcode 14.0";
			developmentRegion = en;
			hasScannedForEncodings = 0;
			knownRegions = (
				en,
				Base,
			);
			mainGroup = 50A0B3882AFBC1A900810FB8;
			productRefGroup = 50A0B3922AFBC1A900810FB8 /* Products */;
			projectDirPath = "";
			projectRoot = "";
			targets = (
				50A0B3902AFBC1A900810FB8 /* if-swift */,
			);
		};
/* End PBXProject section */

/* Begin PBXResourcesBuildPhase section */
		50A0B38F2AFBC1A900810FB8 /* Resources */ = {
			isa = PBXResourcesBuildPhase;
			buildActionMask = 2147483647;
			files = (
				50A0B3A12AFBC1B200810FB8 /* LaunchScreen.storyboard in Resources */,
				50A0B39E2AFBC1B200810FB8 /* Assets.xcassets in Resources */,
				50A0B39C2AFBC1A900810FB8 /* Main.storyboard in Resources */,
			);
			runOnlyForDeploymentPostprocessing = 0;
		};
/* End PBXResourcesBuildPhase section */

/* Begin PBXSourcesBuildPhase section */
		50A0B38D2AFBC1A900810FB8 /* Sources */ = {
			isa = PBXSourcesBuildPhase;
			buildActionMask = 2147483647;
			files = (
				504601CC2B0254D6006AC2E4 /* LoginViewController.swift in Sources */,
				5097B8CC2B07AD4C001095A8 /* ImageDefault.swift in Sources */,
				5010E6062B0B8E92007A2919 /* RegisterView.swift in Sources */,
				502AA80E2B1DFF460080BBBE /* HomeViewController.swift in Sources */,
				505C214F2B07997B0025B02B /* UIColor+.swift in Sources */,
				504601CA2B0254C2006AC2E4 /* LoginView.swift in Sources */,
				504601C52B0253B5006AC2E4 /* Coordinator.swift in Sources */,
				5097B8CE2B07AD83001095A8 /* LabelDefault.swift in Sources */,
				50A0B3992AFBC1A900810FB8 /* ViewController.swift in Sources */,
				5097B8D02B07ADB6001095A8 /* ButtonDefault.swift in Sources */,
				504601C72B0253EA006AC2E4 /* LoginCoordinator.swift in Sources */,
				502AA8102B1DFF5E0080BBBE /* HomeCoordinator.swift in Sources */,
				5010E6082B0B8EA2007A2919 /* RegisterViewController.swift in Sources */,
				50A0B3952AFBC1A900810FB8 /* AppDelegate.swift in Sources */,
				502AA8122B1E11B10080BBBE /* ViewControllerDefault.swift in Sources */,
				50A0B3972AFBC1A900810FB8 /* SceneDelegate.swift in Sources */,
				502AA80C2B1DFF360080BBBE /* HomeView.swift in Sources */,
				5097B8CA2B07AC47001095A8 /* TextFieldDefault.swift in Sources */,
				5010E60A2B0B998D007A2919 /* RegisterCoordinator.swift in Sources */,
			);
			runOnlyForDeploymentPostprocessing = 0;
		};
/* End PBXSourcesBuildPhase section */

/* Begin PBXVariantGroup section */
		50A0B39A2AFBC1A900810FB8 /* Main.storyboard */ = {
			isa = PBXVariantGroup;
			children = (
				50A0B39B2AFBC1A900810FB8 /* Base */,
			);
			name = Main.storyboard;
			sourceTree = "<group>";
		};
		50A0B39F2AFBC1B200810FB8 /* LaunchScreen.storyboard */ = {
			isa = PBXVariantGroup;
			children = (
				50A0B3A02AFBC1B200810FB8 /* Base */,
			);
			name = LaunchScreen.storyboard;
			sourceTree = "<group>";
		};
/* End PBXVariantGroup section */

/* Begin XCBuildConfiguration section */
		50A0B3A32AFBC1B300810FB8 /* Debug */ = {
			isa = XCBuildConfiguration;
			buildSettings = {
				ALWAYS_SEARCH_USER_PATHS = NO;
				ASSETCATALOG_COMPILER_GENERATE_SWIFT_ASSET_SYMBOL_EXTENSIONS = YES;
				CLANG_ANALYZER_NONNULL = YES;
				CLANG_ANALYZER_NUMBER_OBJECT_CONVERSION = YES_AGGRESSIVE;
				CLANG_CXX_LANGUAGE_STANDARD = "gnu++20";
				CLANG_ENABLE_MODULES = YES;
				CLANG_ENABLE_OBJC_ARC = YES;
				CLANG_ENABLE_OBJC_WEAK = YES;
				CLANG_WARN_BLOCK_CAPTURE_AUTORELEASING = YES;
				CLANG_WARN_BOOL_CONVERSION = YES;
				CLANG_WARN_COMMA = YES;
				CLANG_WARN_CONSTANT_CONVERSION = YES;
				CLANG_WARN_DEPRECATED_OBJC_IMPLEMENTATIONS = YES;
				CLANG_WARN_DIRECT_OBJC_ISA_USAGE = YES_ERROR;
				CLANG_WARN_DOCUMENTATION_COMMENTS = YES;
				CLANG_WARN_EMPTY_BODY = YES;
				CLANG_WARN_ENUM_CONVERSION = YES;
				CLANG_WARN_INFINITE_RECURSION = YES;
				CLANG_WARN_INT_CONVERSION = YES;
				CLANG_WARN_NON_LITERAL_NULL_CONVERSION = YES;
				CLANG_WARN_OBJC_IMPLICIT_RETAIN_SELF = YES;
				CLANG_WARN_OBJC_LITERAL_CONVERSION = YES;
				CLANG_WARN_OBJC_ROOT_CLASS = YES_ERROR;
				CLANG_WARN_QUOTED_INCLUDE_IN_FRAMEWORK_HEADER = YES;
				CLANG_WARN_RANGE_LOOP_ANALYSIS = YES;
				CLANG_WARN_STRICT_PROTOTYPES = YES;
				CLANG_WARN_SUSPICIOUS_MOVE = YES;
				CLANG_WARN_UNGUARDED_AVAILABILITY = YES_AGGRESSIVE;
				CLANG_WARN_UNREACHABLE_CODE = YES;
				CLANG_WARN__DUPLICATE_METHOD_MATCH = YES;
				COPY_PHASE_STRIP = NO;
				DEBUG_INFORMATION_FORMAT = dwarf;
				ENABLE_STRICT_OBJC_MSGSEND = YES;
				ENABLE_TESTABILITY = YES;
				ENABLE_USER_SCRIPT_SANDBOXING = YES;
				GCC_C_LANGUAGE_STANDARD = gnu17;
				GCC_DYNAMIC_NO_PIC = NO;
				GCC_NO_COMMON_BLOCKS = YES;
				GCC_OPTIMIZATION_LEVEL = 0;
				GCC_PREPROCESSOR_DEFINITIONS = (
					"DEBUG=1",
					"$(inherited)",
				);
				GCC_WARN_64_TO_32_BIT_CONVERSION = YES;
				GCC_WARN_ABOUT_RETURN_TYPE = YES_ERROR;
				GCC_WARN_UNDECLARED_SELECTOR = YES;
				GCC_WARN_UNINITIALIZED_AUTOS = YES_AGGRESSIVE;
				GCC_WARN_UNUSED_FUNCTION = YES;
				GCC_WARN_UNUSED_VARIABLE = YES;
				IPHONEOS_DEPLOYMENT_TARGET = 17.0;
				LOCALIZATION_PREFERS_STRING_CATALOGS = YES;
				MTL_ENABLE_DEBUG_INFO = INCLUDE_SOURCE;
				MTL_FAST_MATH = YES;
				ONLY_ACTIVE_ARCH = YES;
				SDKROOT = iphoneos;
				SWIFT_ACTIVE_COMPILATION_CONDITIONS = "DEBUG $(inherited)";
				SWIFT_OPTIMIZATION_LEVEL = "-Onone";
			};
			name = Debug;
		};
		50A0B3A42AFBC1B300810FB8 /* Release */ = {
			isa = XCBuildConfiguration;
			buildSettings = {
				ALWAYS_SEARCH_USER_PATHS = NO;
				ASSETCATALOG_COMPILER_GENERATE_SWIFT_ASSET_SYMBOL_EXTENSIONS = YES;
				CLANG_ANALYZER_NONNULL = YES;
				CLANG_ANALYZER_NUMBER_OBJECT_CONVERSION = YES_AGGRESSIVE;
				CLANG_CXX_LANGUAGE_STANDARD = "gnu++20";
				CLANG_ENABLE_MODULES = YES;
				CLANG_ENABLE_OBJC_ARC = YES;
				CLANG_ENABLE_OBJC_WEAK = YES;
				CLANG_WARN_BLOCK_CAPTURE_AUTORELEASING = YES;
				CLANG_WARN_BOOL_CONVERSION = YES;
				CLANG_WARN_COMMA = YES;
				CLANG_WARN_CONSTANT_CONVERSION = YES;
				CLANG_WARN_DEPRECATED_OBJC_IMPLEMENTATIONS = YES;
				CLANG_WARN_DIRECT_OBJC_ISA_USAGE = YES_ERROR;
				CLANG_WARN_DOCUMENTATION_COMMENTS = YES;
				CLANG_WARN_EMPTY_BODY = YES;
				CLANG_WARN_ENUM_CONVERSION = YES;
				CLANG_WARN_INFINITE_RECURSION = YES;
				CLANG_WARN_INT_CONVERSION = YES;
				CLANG_WARN_NON_LITERAL_NULL_CONVERSION = YES;
				CLANG_WARN_OBJC_IMPLICIT_RETAIN_SELF = YES;
				CLANG_WARN_OBJC_LITERAL_CONVERSION = YES;
				CLANG_WARN_OBJC_ROOT_CLASS = YES_ERROR;
				CLANG_WARN_QUOTED_INCLUDE_IN_FRAMEWORK_HEADER = YES;
				CLANG_WARN_RANGE_LOOP_ANALYSIS = YES;
				CLANG_WARN_STRICT_PROTOTYPES = YES;
				CLANG_WARN_SUSPICIOUS_MOVE = YES;
				CLANG_WARN_UNGUARDED_AVAILABILITY = YES_AGGRESSIVE;
				CLANG_WARN_UNREACHABLE_CODE = YES;
				CLANG_WARN__DUPLICATE_METHOD_MATCH = YES;
				COPY_PHASE_STRIP = NO;
				DEBUG_INFORMATION_FORMAT = "dwarf-with-dsym";
				ENABLE_NS_ASSERTIONS = NO;
				ENABLE_STRICT_OBJC_MSGSEND = YES;
				ENABLE_USER_SCRIPT_SANDBOXING = YES;
				GCC_C_LANGUAGE_STANDARD = gnu17;
				GCC_NO_COMMON_BLOCKS = YES;
				GCC_WARN_64_TO_32_BIT_CONVERSION = YES;
				GCC_WARN_ABOUT_RETURN_TYPE = YES_ERROR;
				GCC_WARN_UNDECLARED_SELECTOR = YES;
				GCC_WARN_UNINITIALIZED_AUTOS = YES_AGGRESSIVE;
				GCC_WARN_UNUSED_FUNCTION = YES;
				GCC_WARN_UNUSED_VARIABLE = YES;
				IPHONEOS_DEPLOYMENT_TARGET = 17.0;
				LOCALIZATION_PREFERS_STRING_CATALOGS = YES;
				MTL_ENABLE_DEBUG_INFO = NO;
				MTL_FAST_MATH = YES;
				SDKROOT = iphoneos;
				SWIFT_COMPILATION_MODE = wholemodule;
				VALIDATE_PRODUCT = YES;
			};
			name = Release;
		};
		50A0B3A62AFBC1B300810FB8 /* Debug */ = {
			isa = XCBuildConfiguration;
			buildSettings = {
				ASSETCATALOG_COMPILER_APPICON_NAME = AppIcon;
				ASSETCATALOG_COMPILER_GLOBAL_ACCENT_COLOR_NAME = AccentColor;
				CODE_SIGN_STYLE = Automatic;
				CURRENT_PROJECT_VERSION = 1;
				GENERATE_INFOPLIST_FILE = YES;
				INFOPLIST_FILE = "if-swift/Info.plist";
				INFOPLIST_KEY_UIApplicationSupportsIndirectInputEvents = YES;
				INFOPLIST_KEY_UILaunchStoryboardName = LaunchScreen;
				INFOPLIST_KEY_UIMainStoryboardFile = Main;
				INFOPLIST_KEY_UISupportedInterfaceOrientations_iPad = "UIInterfaceOrientationPortrait UIInterfaceOrientationPortraitUpsideDown UIInterfaceOrientationLandscapeLeft UIInterfaceOrientationLandscapeRight";
				INFOPLIST_KEY_UISupportedInterfaceOrientations_iPhone = "UIInterfaceOrientationPortrait UIInterfaceOrientationLandscapeLeft UIInterfaceOrientationLandscapeRight";
				LD_RUNPATH_SEARCH_PATHS = (
					"$(inherited)",
					"@executable_path/Frameworks",
				);
				MARKETING_VERSION = 1.0;
				PRODUCT_BUNDLE_IDENTIFIER = "devkoalaa.if-swift";
				PRODUCT_NAME = "$(TARGET_NAME)";
				SWIFT_EMIT_LOC_STRINGS = YES;
				SWIFT_VERSION = 5.0;
				TARGETED_DEVICE_FAMILY = "1,2";
			};
			name = Debug;
		};
		50A0B3A72AFBC1B300810FB8 /* Release */ = {
			isa = XCBuildConfiguration;
			buildSettings = {
				ASSETCATALOG_COMPILER_APPICON_NAME = AppIcon;
				ASSETCATALOG_COMPILER_GLOBAL_ACCENT_COLOR_NAME = AccentColor;
				CODE_SIGN_STYLE = Automatic;
				CURRENT_PROJECT_VERSION = 1;
				GENERATE_INFOPLIST_FILE = YES;
				INFOPLIST_FILE = "if-swift/Info.plist";
				INFOPLIST_KEY_UIApplicationSupportsIndirectInputEvents = YES;
				INFOPLIST_KEY_UILaunchStoryboardName = LaunchScreen;
				INFOPLIST_KEY_UIMainStoryboardFile = Main;
				INFOPLIST_KEY_UISupportedInterfaceOrientations_iPad = "UIInterfaceOrientationPortrait UIInterfaceOrientationPortraitUpsideDown UIInterfaceOrientationLandscapeLeft UIInterfaceOrientationLandscapeRight";
				INFOPLIST_KEY_UISupportedInterfaceOrientations_iPhone = "UIInterfaceOrientationPortrait UIInterfaceOrientationLandscapeLeft UIInterfaceOrientationLandscapeRight";
				LD_RUNPATH_SEARCH_PATHS = (
					"$(inherited)",
					"@executable_path/Frameworks",
				);
				MARKETING_VERSION = 1.0;
				PRODUCT_BUNDLE_IDENTIFIER = "devkoalaa.if-swift";
				PRODUCT_NAME = "$(TARGET_NAME)";
				SWIFT_EMIT_LOC_STRINGS = YES;
				SWIFT_VERSION = 5.0;
				TARGETED_DEVICE_FAMILY = "1,2";
			};
			name = Release;
		};
/* End XCBuildConfiguration section */

/* Begin XCConfigurationList section */
		50A0B38C2AFBC1A900810FB8 /* Build configuration list for PBXProject "if-swift" */ = {
			isa = XCConfigurationList;
			buildConfigurations = (
				50A0B3A32AFBC1B300810FB8 /* Debug */,
				50A0B3A42AFBC1B300810FB8 /* Release */,
			);
			defaultConfigurationIsVisible = 0;
			defaultConfigurationName = Release;
		};
		50A0B3A52AFBC1B300810FB8 /* Build configuration list for PBXNativeTarget "if-swift" */ = {
			isa = XCConfigurationList;
			buildConfigurations = (
				50A0B3A62AFBC1B300810FB8 /* Debug */,
				50A0B3A72AFBC1B300810FB8 /* Release */,
			);
			defaultConfigurationIsVisible = 0;
			defaultConfigurationName = Release;
		};
/* End XCConfigurationList section */
	};
	rootObject = 50A0B3892AFBC1A900810FB8 /* Project object */;
}
